
Microsoft Visual Studio Solution File, Format Version 12.00
# Visual Studio Version 17
VisualStudioVersion = 17.5.002.0
MinimumVisualStudioVersion = 10.0.40219.1
Project("{9A19103F-16F7-4668-BE54-9A1E7A4F7556}") = "Shop", "Shop.csproj", "{16EA0859-6A93-4628-AAC7-0D8494276861}"
EndProject
Global
	GlobalSection(SolutionConfigurationPlatforms) = preSolution
		Debug|Any CPU = Debug|Any CPU
		Release|Any CPU = Release|Any CPU
	EndGlobalSection
	GlobalSection(ProjectConfigurationPlatforms) = postSolution
		{16EA0859-6A93-4628-AAC7-0D8494276861}.Debug|Any CPU.ActiveCfg = Debug|Any CPU
		{16EA0859-6A93-4628-AAC7-0D8494276861}.Debug|Any CPU.Build.0 = Debug|Any CPU
		{16EA0859-6A93-4628-AAC7-0D8494276861}.Release|Any CPU.ActiveCfg = Release|Any CPU
		{16EA0859-6A93-4628-AAC7-0D8494276861}.Release|Any CPU.Build.0 = Release|Any CPU
	EndGlobalSection
	GlobalSection(SolutionProperties) = preSolution
		HideSolutionNode = FALSE
	EndGlobalSection
	GlobalSection(ExtensibilityGlobals) = postSolution
		SolutionGuid = {928CBB83-EB7E-4567-8CCC-858F34A87CE2}
	EndGlobalSection
EndGlobal
